{
  "version": 2,
  "dependencies": {
    "net11.0": {
      "AngleSharp": {
        "type": "Direct",
        "requested": "[1.8.3, )",
        "resolved": "1.8.3",
        "contentHash": "IiXdbBHzeKRUDayOFT/5nAqkY7Tqbtzr9dqoWrsfseLRs2r1j94qP8MmKnfs9aX+WHucmlmX8xq9QosIUJ/sbA=="
      },
      "MailKit": {
        "type": "Direct",
        "requested": "[4.18.1, )",
        "resolved": "4.18.1",
        "contentHash": "EssBsnKHvIcH1QpqqsVUEWAlAHI3dkGXJpKAzSNJ8PGjClNynSo9bRkT68jVZkxhREm0Z51Dwu3127f4WfIiRg==",
        "dependencies": {
          "MimeKit": "4.18.1"
        }
      },
      "Markdig": {
        "type": "Direct",
        "requested": "[1.4.0, )",
        "resolved": "1.4.0",
        "contentHash": "lLhaiI/mNDTNzgLqnmknhf4LjgTqOAyjx5+GNz0X3AxYMxUhmFppF2WVMdER+SDqwhE5wUF1pzs/cuLwFxs7xA=="
      },
      "Microsoft.AspNetCore.DataProtection.EntityFrameworkCore": {
        "type": "Direct",
        "requested": "[11.0.0-rc.1.26425.128, )",
        "resolved": "11.0.0-rc.1.26425.128",
        "contentHash": "Qpwel+rjsqVvfS1axriixJFbHz02eGbx3FFnKZQeG8ECtqpBr+og7Ua+moUqisMpJXMqA6wbnjQid7jxDcxj0Q==",
        "dependencies": {
          "Microsoft.AspNetCore.DataProtection": "11.0.0-rc.1.26425.128",
          "Microsoft.EntityFrameworkCore": "11.0.0-rc.1.26425.128"
        }
      },
      "Microsoft.AspNetCore.Identity.EntityFrameworkCore": {
        "type": "Direct",
        "requested": "[11.0.0-rc.1.26425.128, )",
        "resolved": "11.0.0-rc.1.26425.128",
        "contentHash": "41o15JJmwkvB6w0t2uTtwAFOvIq0LwcfO6LQKJw84S9WLvgAYVRh6GAv1P946aP/UX2tPRHOrUQIpVIalXARJg==",
        "dependencies": {
          "Microsoft.EntityFrameworkCore.Relational": "11.0.0-rc.1.26425.128",
          "Microsoft.Extensions.Identity.Stores": "11.0.0-rc.1.26425.128"
        }
      },
      "Microsoft.Data.Sqlite.Core": {
        "type": "Direct",
        "requested": "[11.0.0-rc.1.26425.128, )",
        "resolved": "11.0.0-rc.1.26425.128",
        "contentHash": "PtB6tpWSM3lt91xvCCb5pNoxlaLEXPY4n8DipzIeHyD21LQletLzfKi0bGT9rIFVJtxbJMwtD78ljLd6PTlK7Q==",
        "dependencies": {
          "SQLitePCLRaw.core": "3.0.5"
        }
      },
      "Microsoft.EntityFrameworkCore": {
        "type": "Direct",
        "requested": "[11.0.0-rc.1.26425.128, )",
        "resolved": "11.0.0-rc.1.26425.128",
        "contentHash": "nichlvtvebHy90cJoHQjTr6TvWhdxbUxK1mQac/6NJcVMz/HYRQF0ihJ1ZkE/JeKr2ys3jDjl1IdNhHiWpQ/HQ==",
        "dependencies": {
          "Microsoft.EntityFrameworkCore.Abstractions": "[11.0.0-rc.1.26425.128, 12.0.0-a)",
          "Microsoft.EntityFrameworkCore.Analyzers": "[11.0.0-rc.1.26425.128, 12.0.0-a)",
          "Microsoft.Extensions.Caching.Memory": "11.0.0-rc.1.26425.128",
          "Microsoft.Extensions.Logging": "11.0.0-rc.1.26425.128"
        }
      },
      "Microsoft.EntityFrameworkCore.Sqlite": {
        "type": "Direct",
        "requested": "[11.0.0-rc.1.26425.128, )",
        "resolved": "11.0.0-rc.1.26425.128",
        "contentHash": "AdxPeaX50H0cwK5z+xGTMYxy8EnJIVhbwAxZMmPBaI2EsRMpqOlsc11OcB40GGa5ctqRyQDFj41dL0KcUcv2TQ==",
        "dependencies": {
          "Microsoft.EntityFrameworkCore.Sqlite.Core": "[11.0.0-rc.1.26425.128, 12.0.0-a)",
          "Microsoft.Extensions.Caching.Memory": "11.0.0-rc.1.26425.128",
          "Microsoft.Extensions.DependencyModel": "11.0.0-rc.1.26425.128",
          "Microsoft.Extensions.Logging": "11.0.0-rc.1.26425.128",
          "SQLitePCLRaw.bundle_e_sqlite3": "3.0.5",
          "SQLitePCLRaw.core": "3.0.5"
        }
      },
      "Microsoft.Extensions.Http": {
        "type": "Direct",
        "requested": "[11.0.0-rc.1.26425.128, )",
        "resolved": "11.0.0-rc.1.26425.128",
        "contentHash": "/QwyZQrjhK4Bh2YEyqPEV7RqznsHtEdrh0sdYBrY6hVtxmIhVX+IHJ6AZegF1rwCPxI9Rr21dp7mHLduTfrQ9w==",
        "dependencies": {
          "Microsoft.Extensions.Diagnostics": "11.0.0-rc.1.26425.128",
          "Microsoft.Extensions.Logging": "11.0.0-rc.1.26425.128"
        }
      },
      "Microsoft.Extensions.Options.ConfigurationExtensions": {
        "type": "Direct",
        "requested": "[11.0.0-rc.1.26425.128, )",
        "resolved": "11.0.0-rc.1.26425.128",
        "contentHash": "z3K4AJwVQeNAHUfU4DSvs3Yvnzak7vbbD/rtcU4eKMxCKmmw3PA3sTefMTUUcIrePEhpIEODGtiOGJ00b/dNzg==",
        "dependencies": {
          "Microsoft.Extensions.Configuration.Binder": "11.0.0-rc.1.26425.128"
        }
      },
      "Microsoft.Extensions.Options.DataAnnotations": {
        "type": "Direct",
        "requested": "[11.0.0-rc.1.26425.128, )",
        "resolved": "11.0.0-rc.1.26425.128",
        "contentHash": "wlxXgsCvVzxq96xe9w8ACggf89LA6znlHUGIZF8s+/ByRcguL7+7zn3qt+GE7W4pieFYMlk+eLI8+vms0UaBUQ=="
      },
      "BouncyCastle.Cryptography": {
        "type": "Transitive",
        "resolved": "2.7.0",
        "contentHash": "U+12df8UEWHgBi04YVf/Lgi2dy3SItlIYvHjjEVa/BngCQIzDCDRBk50DDByCfDvSbe5pRNFr3b7UrVK2kMcLw=="
      },
      "Microsoft.AspNetCore.Cryptography.Internal": {
        "type": "Transitive",
        "resolved": "11.0.0-rc.1.26425.128",
        "contentHash": "1ZFAfid5SM0YxbqGdiLNles9vpHSF4nss8oj/vnJjFY2GRQbEQZy/MCZneuHxJfdC7I+k3nCWdia0FVpRHVQTQ=="
      },
      "Microsoft.AspNetCore.Cryptography.KeyDerivation": {
        "type": "Transitive",
        "resolved": "11.0.0-rc.1.26425.128",
        "contentHash": "HyKmCrJqDMkjWR5PcGXY5Fp+bjrSRc7O2s/2m4MvpuCT2RCh02A/MV6bWgjsP3+IVlJ2MXnjjFT0HfRLD9tMHw==",
        "dependencies": {
          "Microsoft.AspNetCore.Cryptography.Internal": "11.0.0-rc.1.26425.128"
        }
      },
      "Microsoft.AspNetCore.DataProtection": {
        "type": "Transitive",
        "resolved": "11.0.0-rc.1.26425.128",
        "contentHash": "vu8SThnz3bkZ66Ns5JdbGuyDokpepvhqC8/UnIdqquTuYbDquDgAV/C/MsbdBy3EO7M8QfDvq/nZyFrxf0PnjA==",
        "dependencies": {
          "Microsoft.AspNetCore.Cryptography.Internal": "11.0.0-rc.1.26425.128",
          "Microsoft.AspNetCore.DataProtection.Abstractions": "11.0.0-rc.1.26425.128",
          "System.Security.Cryptography.Xml": "11.0.0-rc.1.26425.128"
        }
      },
      "Microsoft.AspNetCore.DataProtection.Abstractions": {
        "type": "Transitive",
        "resolved": "11.0.0-rc.1.26425.128",
        "contentHash": "RTxm/SRvAYHLRgnksLvQ8+5omV1BHTuk5dAL6XvyiTurYuoHHBcV1SQbGWFg/oyzpYX0Q2kGgoxylEoLUzLDBg=="
      },
      "Microsoft.EntityFrameworkCore.Abstractions": {
        "type": "Transitive",
        "resolved": "11.0.0-rc.1.26425.128",
        "contentHash": "WFsX+C+h2e/BKr//Cv9c82+zPweVUQN/dWXJiW8KvXwhkpJXB5tj3E3vgDmjX0nHbVnrrnE9G7iJlMSf0l2VoQ=="
      },
      "Microsoft.EntityFrameworkCore.Analyzers": {
        "type": "Transitive",
        "resolved": "11.0.0-rc.1.26425.128",
        "contentHash": "EC8SOxAcKbRGToF7MpHr0zPZ2QSZ3mkHuqI+rxu3ITz19ctvep0dzaHPN3F/JQ1vVQBbMr7gN0a9KxMqDhRcoQ=="
      },
      "Microsoft.EntityFrameworkCore.Relational": {
        "type": "Transitive",
        "resolved": "11.0.0-rc.1.26425.128",
        "contentHash": "JOxKBGYUg8aj/flaHdvhkqsRO5iKKiROMjVt+25BzVvSzMb/y1SnuvlGnsDFjtTI9qlZ0+TLsmNe1WDKxBkUMw==",
        "dependencies": {
          "Microsoft.EntityFrameworkCore": "[11.0.0-rc.1.26425.128, 12.0.0-a)",
          "Microsoft.Extensions.Caching.Memory": "11.0.0-rc.1.26425.128",
          "Microsoft.Extensions.Logging": "11.0.0-rc.1.26425.128"
        }
      },
      "Microsoft.EntityFrameworkCore.Sqlite.Core": {
        "type": "Transitive",
        "resolved": "11.0.0-rc.1.26425.128",
        "contentHash": "8IcxcTeVz7fKiCxPzD2HBnMui7S/RWMhOOa7FaKLzmIEK4hNrjOpRksRjAxMGo+Is4VhXBn3UQ9Zrxfjz5NlHQ==",
        "dependencies": {
          "Microsoft.Data.Sqlite.Core": "[11.0.0-rc.1.26425.128, 12.0.0-a)",
          "Microsoft.EntityFrameworkCore.Relational": "[11.0.0-rc.1.26425.128, 12.0.0-a)",
          "Microsoft.Extensions.Caching.Memory": "11.0.0-rc.1.26425.128",
          "Microsoft.Extensions.DependencyModel": "11.0.0-rc.1.26425.128",
          "Microsoft.Extensions.Logging": "11.0.0-rc.1.26425.128",
          "SQLitePCLRaw.core": "3.0.5"
        }
      },
      "Microsoft.Extensions.Caching.Memory": {
        "type": "Transitive",
        "resolved": "11.0.0-rc.1.26425.128",
        "contentHash": "vm0cIPeFy1TZWcr7xLY/aqvZmXZ63GvAuieN0Fec1Fz+P/vi1sPFdRTJEbJ/NrOP+DduYE/1Ba7Wv0V01g1hdQ=="
      },
      "Microsoft.Extensions.Configuration": {
        "type": "Transitive",
        "resolved": "11.0.0-rc.1.26425.128",
        "contentHash": "67EIKOU5pzuMcTHoezn/hmv1hyMcxpiSIlVL9oT6Uc3bcErYhkTBuZCuVqHuNjJBm0nqmpJb1v644M/NV7Q0Vw=="
      },
      "Microsoft.Extensions.Configuration.Binder": {
        "type": "Transitive",
        "resolved": "11.0.0-rc.1.26425.128",
        "contentHash": "1AI7GybRhwcPmOgi275FOlxDP3PL/pspE1R4itBxLgQ771sRy0LhYi4usSYNvixnocxcPp0aZqJ27CyYdM9Aaw==",
        "dependencies": {
          "Microsoft.Extensions.Configuration": "11.0.0-rc.1.26425.128"
        }
      },
      "Microsoft.Extensions.DependencyInjection": {
        "type": "Transitive",
        "resolved": "11.0.0-rc.1.26425.128",
        "contentHash": "r9VvtUpwM0MZ21DaTQWDqmsm6ABmuuXA/4aqa9LJVZET0HGlIG0Z5eN2esarFAQW2xtgGFyIYcnWs5uxUUizgg=="
      },
      "Microsoft.Extensions.DependencyModel": {
        "type": "Transitive",
        "resolved": "11.0.0-rc.1.26425.128",
        "contentHash": "Vp6l7w5Q4M8z3DCzHuu/KFtwjt7zI5fMm1/QdXk72c/nnSSp7ws7pR3Ls8b5qGaGeUjU0MigDFebn0FUDEk8nQ=="
      },
      "Microsoft.Extensions.Diagnostics": {
        "type": "Transitive",
        "resolved": "11.0.0-rc.1.26425.128",
        "contentHash": "4O8+S1awKr1nwX0KboSyMszc1TGlxI1rSZsuFfvoByNnvlOj2C0Zg0/DUTFaBTpKAMCGvBZomDbY3uOtUvhvTw==",
        "dependencies": {
          "Microsoft.Extensions.Configuration": "11.0.0-rc.1.26425.128",
          "Microsoft.Extensions.Options.ConfigurationExtensions": "11.0.0-rc.1.26425.128"
        }
      },
      "Microsoft.Extensions.Identity.Core": {
        "type": "Transitive",
        "resolved": "11.0.0-rc.1.26425.128",
        "contentHash": "mUZsac1NgRDJp2qQRC8L/YBQy5oG6QqluJzJ/gjegMIbYUZjX57LuokLGjRsj3haIgucINaeczV8FbRUpu0vGw==",
        "dependencies": {
          "Microsoft.AspNetCore.Cryptography.KeyDerivation": "11.0.0-rc.1.26425.128",
          "Microsoft.Extensions.Diagnostics": "11.0.0-rc.1.26425.128",
          "Microsoft.Extensions.Logging": "11.0.0-rc.1.26425.128"
        }
      },
      "Microsoft.Extensions.Identity.Stores": {
        "type": "Transitive",
        "resolved": "11.0.0-rc.1.26425.128",
        "contentHash": "FbawW7kM8NhpgqFzWzw4pTJvwM/65Dvzf9w6ZvzM4vAGfM/GpE8aJXFB+wEg+FzvUe64JHbIaN88FTkbV+bfrA==",
        "dependencies": {
          "Microsoft.Extensions.Identity.Core": "11.0.0-rc.1.26425.128",
          "Microsoft.Extensions.Logging": "11.0.0-rc.1.26425.128"
        }
      },
      "Microsoft.Extensions.Logging": {
        "type": "Transitive",
        "resolved": "11.0.0-rc.1.26425.128",
        "contentHash": "SxnI3xH/jZ11sRY5l1DqaqH4z7tyEqAa0ehQ6xsBGenst1mFy91iGWGZfUA0MnyPxQCdjmAlvPmuCvLsrv/ufw==",
        "dependencies": {
          "Microsoft.Extensions.DependencyInjection": "11.0.0-rc.1.26425.128"
        }
      },
      "MimeKit": {
        "type": "Transitive",
        "resolved": "4.18.1",
        "contentHash": "D8AfFVMFVJldWmhQWCziC9nWUN/zayFFBAKpyjVyCeh0tqBiI9jtUVuMrKgWw1EGnCp09msDZldbRvp2jfUehQ==",
        "dependencies": {
          "BouncyCastle.Cryptography": "2.7.0",
          "System.Security.Cryptography.Pkcs": "10.0.0"
        }
      },
      "SQLite": {
        "type": "Transitive",
        "resolved": "3.53.4",
        "contentHash": "KN7jeWqgUPeBRe1FlcpZURzxomuKKEKHmBBQfg+Nx7NkY1LjKhzHvH+3ASkNvhayESE34nMBinL9CV21JfPRJw=="
      },
      "SQLitePCLRaw.bundle_e_sqlite3": {
        "type": "Transitive",
        "resolved": "3.0.5",
        "contentHash": "SW8iASIyWMrLzqabUHYQRvALhvD4ylSBsj4PgEVGwc36kQjc9xT5kSV/XQ9rU7nIpBWD+LPyX3Hlw5FzyUzGeQ==",
        "dependencies": {
          "SQLite": "3.53.4",
          "SQLitePCLRaw.config.e_sqlite3": "3.0.5"
        }
      },
      "SQLitePCLRaw.config.e_sqlite3": {
        "type": "Transitive",
        "resolved": "3.0.5",
        "contentHash": "aSk8WE5tF2MybESMgtZAEyMVCAWA0nBqOMc48HFoa9UoSdtm3goDXVzNRnefeKIwE6bV9NaNXptn1F9ReMQI0Q==",
        "dependencies": {
          "SQLitePCLRaw.provider.e_sqlite3": "3.0.5"
        }
      },
      "SQLitePCLRaw.core": {
        "type": "Transitive",
        "resolved": "3.0.5",
        "contentHash": "k81AYXXRCw3Zj8rOhyBoCsx/U97KYDFI2CSKr/ijl5BwpsW/hX/4kBiDmerFaoust8nxBwa0IHQFw8MmSHRtnQ=="
      },
      "SQLitePCLRaw.provider.e_sqlite3": {
        "type": "Transitive",
        "resolved": "3.0.5",
        "contentHash": "um8YSWduhhuskTG2bHfZrBqMNQOydfU8pcseT+cu5RivOGyoUbCrGXxgoRNTmRYw2VbMWnEZVVFcneZT/5dsBg==",
        "dependencies": {
          "SQLitePCLRaw.core": "3.0.5"
        }
      },
      "System.Security.Cryptography.Pkcs": {
        "type": "Transitive",
        "resolved": "11.0.0-rc.1.26425.128",
        "contentHash": "5SQOSesr5gY/wmYgprSz9XkuONinA6HM8jILvyaXWRdX77322f/OyHvoIR//xcZSfGfS40nhVa5y27k9c/5/MQ=="
      },
      "System.Security.Cryptography.Xml": {
        "type": "Transitive",
        "resolved": "11.0.0-rc.1.26425.128",
        "contentHash": "cQMxRStYoP4W0sjAKFvuZlacgLSue1NaLLJ/6Jrq00/Zv7nd8/OoAL5/EN+bFhV2M3BbrR159HSSPaDAut73CA==",
        "dependencies": {
          "System.Security.Cryptography.Pkcs": "11.0.0-rc.1.26425.128"
        }
      }
    }
  }
}